
Microsoft Visual Studio Solution File, Format Version 12.00
# Visual Studio Version 16
VisualStudioVersion = 16.0.29503.13
MinimumVisualStudioVersion = 10.0.40219.1
Project("{9A19103F-16F7-4668-BE54-9A1E7A4F7556}") = "CustomerService", "CustomerService.csproj", "{6B1D9C69-931F-49BD-8AF9-E88FDE644FAF}"
EndProject
Global
	GlobalSection(SolutionConfigurationPlatforms) = preSolution
		Debug|Any CPU = Debug|Any CPU
		Release|Any CPU = Release|Any CPU
	EndGlobalSection
	GlobalSection(ProjectConfigurationPlatforms) = postSolution
		{6B1D9C69-931F-49BD-8AF9-E88FDE644FAF}.Debug|Any CPU.ActiveCfg = Debug|Any CPU
		{6B1D9C69-931F-49BD-8AF9-E88FDE644FAF}.Debug|Any CPU.Build.0 = Debug|Any CPU
		{6B1D9C69-931F-49BD-8AF9-E88FDE644FAF}.Release|Any CPU.ActiveCfg = Release|Any CPU
		{6B1D9C69-931F-49BD-8AF9-E88FDE644FAF}.Release|Any CPU.Build.0 = Release|Any CPU
	EndGlobalSection
	GlobalSection(SolutionProperties) = preSolution
		HideSolutionNode = FALSE
	EndGlobalSection
	GlobalSection(ExtensibilityGlobals) = postSolution
		SolutionGuid = {F7B5AA2E-A430-4008-8C0A-31CA097B0279}
	EndGlobalSection
	GlobalSection(TeamFoundationVersionControl) = preSolution
		SccNumberOfProjects = 2
		SccEnterpriseProvider = {4CA58AB2-18FA-4F8D-95D4-32DDF27D184C}
		SccTeamFoundationServer = https://dev.azure.com/techbrotherslda
		SccLocalPath0 = .
		SccProjectUniqueName1 = CustomerService.csproj
		SccLocalPath1 = .
	EndGlobalSection
EndGlobal
